{
<<<<<<< HEAD
  "originHash" : "4af9b082876891fd14a7d4fba8cac61fb95861361944c231b3579a2a62ab4294",
=======
  "originHash" : "6ce4213e03cf05151c0d46cef013a1701738ddd3d0911aaea06159c39ea064ae",
>>>>>>> develop
  "pins" : [
    {
      "identity" : "kingfisher",
      "kind" : "remoteSourceControl",
<<<<<<< HEAD
      "location" : "https://github.com/onevcat/Kingfisher",
=======
      "location" : "https://github.com/onevcat/Kingfisher.git",
>>>>>>> develop
      "state" : {
        "revision" : "010a06c4387cea2d13606222b6c08e0454e6dd2d",
        "version" : "8.3.3"
      }
    },
    {
      "identity" : "snapkit",
      "kind" : "remoteSourceControl",
      "location" : "https://github.com/SnapKit/SnapKit.git",
      "state" : {
        "revision" : "2842e6e84e82eb9a8dac0100ca90d9444b0307f4",
        "version" : "5.7.1"
      }
    },
    {
      "identity" : "then",
      "kind" : "remoteSourceControl",
      "location" : "https://github.com/devxoul/Then.git",
      "state" : {
        "revision" : "d41ef523faef0f911369f79c0b96815d9dbb6d7a",
        "version" : "3.0.0"
      }
    }
  ],
  "version" : 3
}
